
Microsoft Visual Studio Solution File, Format Version 12.00
# Visual Studio Version 17
VisualStudioVersion = 17.1.32210.238
MinimumVisualStudioVersion = 10.0.40219.1
Project("{FAE04EC0-301F-11D3-BF4B-00C04F79EFBC}") = "Min_max", "Min_max.csproj", "{68D8C435-4DA1-481B-BD37-B88669A9BE85}"
EndProject
Global
	GlobalSection(SolutionConfigurationPlatforms) = preSolution
		Debug|Any CPU = Debug|Any CPU
		Release|Any CPU = Release|Any CPU
	EndGlobalSection
	GlobalSection(ProjectConfigurationPlatforms) = postSolution
		{68D8C435-4DA1-481B-BD37-B88669A9BE85}.Debug|Any CPU.ActiveCfg = Debug|Any CPU
		{68D8C435-4DA1-481B-BD37-B88669A9BE85}.Debug|Any CPU.Build.0 = Debug|Any CPU
		{68D8C435-4DA1-481B-BD37-B88669A9BE85}.Release|Any CPU.ActiveCfg = Release|Any CPU
		{68D8C435-4DA1-481B-BD37-B88669A9BE85}.Release|Any CPU.Build.0 = Release|Any CPU
	EndGlobalSection
	GlobalSection(SolutionProperties) = preSolution
		HideSolutionNode = FALSE
	EndGlobalSection
	GlobalSection(ExtensibilityGlobals) = postSolution
		SolutionGuid = {D8127AC0-C0C9-4853-A66B-599C975ABF91}
	EndGlobalSection
EndGlobal
